PODS:
  - Bolts (1.8.4):
    - Bolts/AppLinks (= 1.8.4)
    - Bolts/Tasks (= 1.8.4)
  - Bolts/AppLinks (1.8.4):
    - Bolts/Tasks
  - Bolts/Tasks (1.8.4)
  - FacebookCore (0.3.0):
    - Bolts (~> 1.8)
    - FBSDKCoreKit (~> 4.27)
  - FacebookLogin (0.3.0):
    - Bolts (~> 1.8)
    - FacebookCore (~> 0.3)
    - FBSDKCoreKit (~> 4.27)
    - FBSDKLoginKit (~> 4.27)
  - FacebookShare (0.3.0):
    - Bolts (~> 1.8)
    - FacebookCore (~> 0.3)
    - FBSDKCoreKit (~> 4.27)
    - FBSDKShareKit (~> 4.27)
  - FBSDKCoreKit (4.29.0):
    - Bolts (~> 1.7)
  - FBSDKLoginKit (4.29.0):
    - FBSDKCoreKit
  - FBSDKShareKit (4.29.0):
    - FBSDKCoreKit
  - JOEmojiableBtn (0.1.0)

DEPENDENCIES:
  - FacebookCore
  - FacebookLogin
  - FacebookShare
  - JOEmojiableBtn (from `https://github.com/lojals/JOEmojiableBtn.git`, branch `master`, tag `2.0.0`)

EXTERNAL SOURCES:
  JOEmojiableBtn:
    :branch: master
    :git: https://github.com/lojals/JOEmojiableBtn.git
    :tag: 2.0.0

CHECKOUT OPTIONS:
  JOEmojiableBtn:
    :commit: 03b3a5bef75bd2188b798eb218b93c94b6667461
    :git: https://github.com/lojals/JOEmojiableBtn.git
    :tag: 2.0.0

SPEC CHECKSUMS:
  Bolts: 8a7995239dbe724f9cba2248b766d48b7ebdd322
  FacebookCore: 3ffa190a3f1f96cec0e44d3fc221bc322c595ffa
  FacebookLogin: 0af839ea858faef99550d16596b87b4a8e8906e6
  FacebookShare: 0469964297ebd75f052be2c5083389a4208e82b7
  FBSDKCoreKit: 6f139173dc63a1deaff4430a55f2fe5bb222d2af
  FBSDKLoginKit: 56a057ca6822535ea0faa25f57a7c41edb697fd4
  FBSDKShareKit: 18a2cd118aef11dd657fe7e8b64bae5c719088b2
  JOEmojiableBtn: 7e3ca82bbb6b909ffb1f2ba26d9ea4fdfb3aadd4

PODFILE CHECKSUM: c8b17e0f0a49f5ff1cea2d6c09a04325b0e8d0f9

COCOAPODS: 1.4.0.beta.2
